
Microsoft Visual Studio Solution File, Format Version 12.00
# Visual Studio Version 17
VisualStudioVersion = 17.7.34031.279
MinimumVisualStudioVersion = 10.0.40219.1
Project("{FAE04EC0-301F-11D3-BF4B-00C04F79EFBC}") = "2", "2\2.csproj", "{684ACEFA-2F77-4C10-A630-F459CCCFA3F6}"
EndProject
Global
	GlobalSection(SolutionConfigurationPlatforms) = preSolution
		Debug|Any CPU = Debug|Any CPU
		Release|Any CPU = Release|Any CPU
	EndGlobalSection
	GlobalSection(ProjectConfigurationPlatforms) = postSolution
		{684ACEFA-2F77-4C10-A630-F459CCCFA3F6}.Debug|Any CPU.ActiveCfg = Debug|Any CPU
		{684ACEFA-2F77-4C10-A630-F459CCCFA3F6}.Debug|Any CPU.Build.0 = Debug|Any CPU
		{684ACEFA-2F77-4C10-A630-F459CCCFA3F6}.Release|Any CPU.ActiveCfg = Release|Any CPU
		{684ACEFA-2F77-4C10-A630-F459CCCFA3F6}.Release|Any CPU.Build.0 = Release|Any CPU
	EndGlobalSection
	GlobalSection(SolutionProperties) = preSolution
		HideSolutionNode = FALSE
	EndGlobalSection
	GlobalSection(ExtensibilityGlobals) = postSolution
		SolutionGuid = {ACAF5AE9-1098-4122-A540-C3DE1B29AB87}
	EndGlobalSection
EndGlobal
